
Microsoft Visual Studio Solution File, Format Version 12.00
# Visual Studio Version 16
VisualStudioVersion = 16.0.30523.141
MinimumVisualStudioVersion = 10.0.40219.1
Project("{9A19103F-16F7-4668-BE54-9A1E7A4F7556}") = "XDS.Producer", "XDS.Producer\XDS.Producer.csproj", "{EADB486F-5666-4A32-A933-936AA16F7606}"
EndProject
Project("{9A19103F-16F7-4668-BE54-9A1E7A4F7556}") = "NBitcoin", "..\xds-suppport-for-NBitcoin\NBitcoin\NBitcoin.csproj", "{9194AF25-D12F-4C32-81D9-1690745C6BD7}"
EndProject
Project("{9A19103F-16F7-4668-BE54-9A1E7A4F7556}") = "NBitcoin.Altcoins", "..\xds-suppport-for-NBitcoin\NBitcoin.Altcoins\NBitcoin.Altcoins.csproj", "{9BB6E486-6154-4335-97DD-EE9F604EC49D}"
EndProject
Global
	GlobalSection(SolutionConfigurationPlatforms) = preSolution
		Debug|Any CPU = Debug|Any CPU
		Release|Any CPU = Release|Any CPU
	EndGlobalSection
	GlobalSection(ProjectConfigurationPlatforms) = postSolution
		{EADB486F-5666-4A32-A933-936AA16F7606}.Debug|Any CPU.ActiveCfg = Debug|Any CPU
		{EADB486F-5666-4A32-A933-936AA16F7606}.Debug|Any CPU.Build.0 = Debug|Any CPU
		{EADB486F-5666-4A32-A933-936AA16F7606}.Release|Any CPU.ActiveCfg = Release|Any CPU
		{EADB486F-5666-4A32-A933-936AA16F7606}.Release|Any CPU.Build.0 = Release|Any CPU
		{9194AF25-D12F-4C32-81D9-1690745C6BD7}.Debug|Any CPU.ActiveCfg = Debug|Any CPU
		{9194AF25-D12F-4C32-81D9-1690745C6BD7}.Debug|Any CPU.Build.0 = Debug|Any CPU
		{9194AF25-D12F-4C32-81D9-1690745C6BD7}.Release|Any CPU.ActiveCfg = Release|Any CPU
		{9194AF25-D12F-4C32-81D9-1690745C6BD7}.Release|Any CPU.Build.0 = Release|Any CPU
		{9BB6E486-6154-4335-97DD-EE9F604EC49D}.Debug|Any CPU.ActiveCfg = Debug|Any CPU
		{9BB6E486-6154-4335-97DD-EE9F604EC49D}.Debug|Any CPU.Build.0 = Debug|Any CPU
		{9BB6E486-6154-4335-97DD-EE9F604EC49D}.Release|Any CPU.ActiveCfg = Release|Any CPU
		{9BB6E486-6154-4335-97DD-EE9F604EC49D}.Release|Any CPU.Build.0 = Release|Any CPU
	EndGlobalSection
	GlobalSection(SolutionProperties) = preSolution
		HideSolutionNode = FALSE
	EndGlobalSection
	GlobalSection(ExtensibilityGlobals) = postSolution
		SolutionGuid = {52B04449-8454-4AA4-A664-497C7CA8FC15}
	EndGlobalSection
EndGlobal
